
Microsoft Visual Studio Solution File, Format Version 12.00
# Visual Studio Version 17
VisualStudioVersion = 17.4.33205.214
MinimumVisualStudioVersion = 10.0.40219.1
Project("{2150E333-8FDC-42A3-9474-1A3956D46DE8}") = "src", "src", "{5C1EFBA4-F34B-465D-B5AD-6D982ECC4D1C}"
	ProjectSection(SolutionItems) = preProject
		src\Directory.Build.props = src\Directory.Build.props
	EndProjectSection
EndProject
Project("{2150E333-8FDC-42A3-9474-1A3956D46DE8}") = "examples", "examples", "{A1E3B1C0-4D35-44EC-B81F-C896371BB676}"
EndProject
Project("{9A19103F-16F7-4668-BE54-9A1E7A4F7556}") = "DSMRReader.Net", "src\DSMRReader.Net\DSMRReader.Net.csproj", "{0B11A914-69D3-486C-B012-336A5F201A57}"
EndProject
Project("{2150E333-8FDC-42A3-9474-1A3956D46DE8}") = "Solution Items", "Solution Items", "{CD1CC01E-8DA6-4EB2-96DD-B26774673085}"
	ProjectSection(SolutionItems) = preProject
		PackageReleaseNotes.template = PackageReleaseNotes.template
		PackageReleaseNotes.txt = PackageReleaseNotes.txt
		README.md = README.md
	EndProjectSection
EndProject
Project("{9A19103F-16F7-4668-BE54-9A1E7A4F7556}") = "DSMRReader.Net.DependencyInjection", "src\DSMRReader.Net.DependencyInjection\DSMRReader.Net.DependencyInjection.csproj", "{26564887-27A3-45D1-B08B-A8CCEEDB91C3}"
EndProject
Project("{9A19103F-16F7-4668-BE54-9A1E7A4F7556}") = "DSMRReader.Net.ConsoleApp", "example\DSMRReader.Net.ConsoleApp\DSMRReader.Net.ConsoleApp.csproj", "{45DCCF6A-188E-4353-8413-02CA1BD1B2A1}"
EndProject
Global
	GlobalSection(SolutionConfigurationPlatforms) = preSolution
		Debug|Any CPU = Debug|Any CPU
		Release|Any CPU = Release|Any CPU
	EndGlobalSection
	GlobalSection(ProjectConfigurationPlatforms) = postSolution
		{0B11A914-69D3-486C-B012-336A5F201A57}.Debug|Any CPU.ActiveCfg = Debug|Any CPU
		{0B11A914-69D3-486C-B012-336A5F201A57}.Debug|Any CPU.Build.0 = Debug|Any CPU
		{0B11A914-69D3-486C-B012-336A5F201A57}.Release|Any CPU.ActiveCfg = Release|Any CPU
		{0B11A914-69D3-486C-B012-336A5F201A57}.Release|Any CPU.Build.0 = Release|Any CPU
		{26564887-27A3-45D1-B08B-A8CCEEDB91C3}.Debug|Any CPU.ActiveCfg = Debug|Any CPU
		{26564887-27A3-45D1-B08B-A8CCEEDB91C3}.Debug|Any CPU.Build.0 = Debug|Any CPU
		{26564887-27A3-45D1-B08B-A8CCEEDB91C3}.Release|Any CPU.ActiveCfg = Release|Any CPU
		{26564887-27A3-45D1-B08B-A8CCEEDB91C3}.Release|Any CPU.Build.0 = Release|Any CPU
		{45DCCF6A-188E-4353-8413-02CA1BD1B2A1}.Debug|Any CPU.ActiveCfg = Debug|Any CPU
		{45DCCF6A-188E-4353-8413-02CA1BD1B2A1}.Debug|Any CPU.Build.0 = Debug|Any CPU
		{45DCCF6A-188E-4353-8413-02CA1BD1B2A1}.Release|Any CPU.ActiveCfg = Release|Any CPU
		{45DCCF6A-188E-4353-8413-02CA1BD1B2A1}.Release|Any CPU.Build.0 = Release|Any CPU
	EndGlobalSection
	GlobalSection(SolutionProperties) = preSolution
		HideSolutionNode = FALSE
	EndGlobalSection
	GlobalSection(NestedProjects) = preSolution
		{0B11A914-69D3-486C-B012-336A5F201A57} = {5C1EFBA4-F34B-465D-B5AD-6D982ECC4D1C}
		{26564887-27A3-45D1-B08B-A8CCEEDB91C3} = {5C1EFBA4-F34B-465D-B5AD-6D982ECC4D1C}
		{45DCCF6A-188E-4353-8413-02CA1BD1B2A1} = {A1E3B1C0-4D35-44EC-B81F-C896371BB676}
	EndGlobalSection
	GlobalSection(ExtensibilityGlobals) = postSolution
		SolutionGuid = {55ED14EF-6888-4DCC-A214-A39CD4B0933A}
	EndGlobalSection
EndGlobal
